// !$*UTF8*$!
{
	archiveVersion = 1;
	classes = {
	};
	objectVersion = 56;
	objects = {

/* Begin PBXBuildFile section */
		044975482B7234E600685B7B /* Color.swift in Sources */ = {isa = PBXBuildFile; fileRef = 044975472B7234E600685B7B /* Color.swift */; };
		0449754C2B7239DC00685B7B /* PhoneNumberTextField.swift in Sources */ = {isa = PBXBuildFile; fileRef = 0449754B2B7239DC00685B7B /* PhoneNumberTextField.swift */; };
		0449754E2B723A8E00685B7B /* String.swift in Sources */ = {isa = PBXBuildFile; fileRef = 0449754D2B723A8E00685B7B /* String.swift */; };
		044975512B723C1800685B7B /* UIApplication.swift in Sources */ = {isa = PBXBuildFile; fileRef = 044975502B723C1800685B7B /* UIApplication.swift */; };
		044975532B7364F000685B7B /* PhoneView.swift in Sources */ = {isa = PBXBuildFile; fileRef = 044975522B7364F000685B7B /* PhoneView.swift */; };
		044975572B7365A200685B7B /* WeelzButtonStyle.swift in Sources */ = {isa = PBXBuildFile; fileRef = 044975562B7365A200685B7B /* WeelzButtonStyle.swift */; };
		044975592B7368F900685B7B /* View.swift in Sources */ = {isa = PBXBuildFile; fileRef = 044975582B7368F900685B7B /* View.swift */; };
		0449755B2B736FF300685B7B /* OTPField.swift in Sources */ = {isa = PBXBuildFile; fileRef = 0449755A2B736FF300685B7B /* OTPField.swift */; };
		044975652B737C7900685B7B /* OTPView.swift in Sources */ = {isa = PBXBuildFile; fileRef = 044975642B737C7900685B7B /* OTPView.swift */; };
		044975672B737C8300685B7B /* OTPViewModel.swift in Sources */ = {isa = PBXBuildFile; fileRef = 044975662B737C8300685B7B /* OTPViewModel.swift */; };
		044975692B73964900685B7B /* SlideButton.swift in Sources */ = {isa = PBXBuildFile; fileRef = 044975682B73964900685B7B /* SlideButton.swift */; };
		0449756C2B73971B00685B7B /* SwipableButton in Frameworks */ = {isa = PBXBuildFile; productRef = 0449756B2B73971B00685B7B /* SwipableButton */; };
		0449756E2B74C01E00685B7B /* TabBar.swift in Sources */ = {isa = PBXBuildFile; fileRef = 0449756D2B74C01E00685B7B /* TabBar.swift */; };
		044975702B74CED600685B7B /* OwnerRow.swift in Sources */ = {isa = PBXBuildFile; fileRef = 0449756F2B74CED600685B7B /* OwnerRow.swift */; };
		044975722B74D36C00685B7B /* CarTitleRow.swift in Sources */ = {isa = PBXBuildFile; fileRef = 044975712B74D36C00685B7B /* CarTitleRow.swift */; };
		044975742B74D48400685B7B /* CarCard.swift in Sources */ = {isa = PBXBuildFile; fileRef = 044975732B74D48400685B7B /* CarCard.swift */; };
		044975762B74DEC300685B7B /* CarRow.swift in Sources */ = {isa = PBXBuildFile; fileRef = 044975752B74DEC300685B7B /* CarRow.swift */; };
		044975782B74E1BE00685B7B /* DocumentRow.swift in Sources */ = {isa = PBXBuildFile; fileRef = 044975772B74E1BE00685B7B /* DocumentRow.swift */; };
		0449757A2B74FB7900685B7B /* ViewTitle.swift in Sources */ = {isa = PBXBuildFile; fileRef = 044975792B74FB7900685B7B /* ViewTitle.swift */; };
		0449757C2B74FCC400685B7B /* SignUpView.swift in Sources */ = {isa = PBXBuildFile; fileRef = 0449757B2B74FCC400685B7B /* SignUpView.swift */; };
		044975802B7500FE00685B7B /* ImageTakerView.swift in Sources */ = {isa = PBXBuildFile; fileRef = 0449757F2B7500FE00685B7B /* ImageTakerView.swift */; };
		044975822B750E3400685B7B /* WelcomeView.swift in Sources */ = {isa = PBXBuildFile; fileRef = 044975812B750E3400685B7B /* WelcomeView.swift */; };
		044975882B76CF5300685B7B /* UiState.swift in Sources */ = {isa = PBXBuildFile; fileRef = 044975872B76CF5300685B7B /* UiState.swift */; };
		0449758A2B76D3CE00685B7B /* SignUpViewModel.swift in Sources */ = {isa = PBXBuildFile; fileRef = 044975892B76D3CE00685B7B /* SignUpViewModel.swift */; };
		0449758C2B76D8FA00685B7B /* HomeView.swift in Sources */ = {isa = PBXBuildFile; fileRef = 0449758B2B76D8FA00685B7B /* HomeView.swift */; };
		0449758F2B76D90B00685B7B /* HomeViewModel.swift in Sources */ = {isa = PBXBuildFile; fileRef = 0449758E2B76D90B00685B7B /* HomeViewModel.swift */; };
		044975912B76D93900685B7B /* CategoryItem.swift in Sources */ = {isa = PBXBuildFile; fileRef = 044975902B76D93900685B7B /* CategoryItem.swift */; };
		044975942B76D97000685B7B /* Category.swift in Sources */ = {isa = PBXBuildFile; fileRef = 044975932B76D97000685B7B /* Category.swift */; };
		046C46BF2B722EDF005C04D1 /* weelzApp.swift in Sources */ = {isa = PBXBuildFile; fileRef = 046C46BE2B722EDF005C04D1 /* weelzApp.swift */; };
		046C46C12B722EDF005C04D1 /* ContentView.swift in Sources */ = {isa = PBXBuildFile; fileRef = 046C46C02B722EDF005C04D1 /* ContentView.swift */; };
		046C46C32B722EDF005C04D1 /* Item.swift in Sources */ = {isa = PBXBuildFile; fileRef = 046C46C22B722EDF005C04D1 /* Item.swift */; };
		046C46C52B722EE1005C04D1 /* Assets.xcassets in Resources */ = {isa = PBXBuildFile; fileRef = 046C46C42B722EE1005C04D1 /* Assets.xcassets */; };
		046C46C92B722EE1005C04D1 /* Preview Assets.xcassets in Resources */ = {isa = PBXBuildFile; fileRef = 046C46C82B722EE1005C04D1 /* Preview Assets.xcassets */; };
/* End PBXBuildFile section */

/* Begin PBXFileReference section */
		044975472B7234E600685B7B /* Color.swift */ = {isa = PBXFileReference; lastKnownFileType = sourcecode.swift; path = Color.swift; sourceTree = "<group>"; };
		0449754B2B7239DC00685B7B /* PhoneNumberTextField.swift */ = {isa = PBXFileReference; lastKnownFileType = sourcecode.swift; path = PhoneNumberTextField.swift; sourceTree = "<group>"; };
		0449754D2B723A8E00685B7B /* String.swift */ = {isa = PBXFileReference; lastKnownFileType = sourcecode.swift; path = String.swift; sourceTree = "<group>"; };
		044975502B723C1800685B7B /* UIApplication.swift */ = {isa = PBXFileReference; lastKnownFileType = sourcecode.swift; path = UIApplication.swift; sourceTree = "<group>"; };
		044975522B7364F000685B7B /* PhoneView.swift */ = {isa = PBXFileReference; lastKnownFileType = sourcecode.swift; path = PhoneView.swift; sourceTree = "<group>"; };
		044975562B7365A200685B7B /* WeelzButtonStyle.swift */ = {isa = PBXFileReference; lastKnownFileType = sourcecode.swift; path = WeelzButtonStyle.swift; sourceTree = "<group>"; };
		044975582B7368F900685B7B /* View.swift */ = {isa = PBXFileReference; lastKnownFileType = sourcecode.swift; path = View.swift; sourceTree = "<group>"; };
		0449755A2B736FF300685B7B /* OTPField.swift */ = {isa = PBXFileReference; lastKnownFileType = sourcecode.swift; path = OTPField.swift; sourceTree = "<group>"; };
		044975642B737C7900685B7B /* OTPView.swift */ = {isa = PBXFileReference; lastKnownFileType = sourcecode.swift; path = OTPView.swift; sourceTree = "<group>"; };
		044975662B737C8300685B7B /* OTPViewModel.swift */ = {isa = PBXFileReference; lastKnownFileType = sourcecode.swift; path = OTPViewModel.swift; sourceTree = "<group>"; };
		044975682B73964900685B7B /* SlideButton.swift */ = {isa = PBXFileReference; lastKnownFileType = sourcecode.swift; path = SlideButton.swift; sourceTree = "<group>"; };
		0449756D2B74C01E00685B7B /* TabBar.swift */ = {isa = PBXFileReference; lastKnownFileType = sourcecode.swift; path = TabBar.swift; sourceTree = "<group>"; };
		0449756F2B74CED600685B7B /* OwnerRow.swift */ = {isa = PBXFileReference; lastKnownFileType = sourcecode.swift; path = OwnerRow.swift; sourceTree = "<group>"; };
		044975712B74D36C00685B7B /* CarTitleRow.swift */ = {isa = PBXFileReference; lastKnownFileType = sourcecode.swift; path = CarTitleRow.swift; sourceTree = "<group>"; };
		044975732B74D48400685B7B /* CarCard.swift */ = {isa = PBXFileReference; lastKnownFileType = sourcecode.swift; path = CarCard.swift; sourceTree = "<group>"; };
		044975752B74DEC300685B7B /* CarRow.swift */ = {isa = PBXFileReference; lastKnownFileType = sourcecode.swift; path = CarRow.swift; sourceTree = "<group>"; };
		044975772B74E1BE00685B7B /* DocumentRow.swift */ = {isa = PBXFileReference; lastKnownFileType = sourcecode.swift; path = DocumentRow.swift; sourceTree = "<group>"; };
		044975792B74FB7900685B7B /* ViewTitle.swift */ = {isa = PBXFileReference; lastKnownFileType = sourcecode.swift; path = ViewTitle.swift; sourceTree = "<group>"; };
		0449757B2B74FCC400685B7B /* SignUpView.swift */ = {isa = PBXFileReference; lastKnownFileType = sourcecode.swift; path = SignUpView.swift; sourceTree = "<group>"; };
		0449757F2B7500FE00685B7B /* ImageTakerView.swift */ = {isa = PBXFileReference; lastKnownFileType = sourcecode.swift; path = ImageTakerView.swift; sourceTree = "<group>"; };
		044975812B750E3400685B7B /* WelcomeView.swift */ = {isa = PBXFileReference; lastKnownFileType = sourcecode.swift; path = WelcomeView.swift; sourceTree = "<group>"; };
		044975872B76CF5300685B7B /* UiState.swift */ = {isa = PBXFileReference; lastKnownFileType = sourcecode.swift; path = UiState.swift; sourceTree = "<group>"; };
		044975892B76D3CE00685B7B /* SignUpViewModel.swift */ = {isa = PBXFileReference; lastKnownFileType = sourcecode.swift; path = SignUpViewModel.swift; sourceTree = "<group>"; };
		0449758B2B76D8FA00685B7B /* HomeView.swift */ = {isa = PBXFileReference; lastKnownFileType = sourcecode.swift; path = HomeView.swift; sourceTree = "<group>"; };
		0449758E2B76D90B00685B7B /* HomeViewModel.swift */ = {isa = PBXFileReference; lastKnownFileType = sourcecode.swift; path = HomeViewModel.swift; sourceTree = "<group>"; };
		044975902B76D93900685B7B /* CategoryItem.swift */ = {isa = PBXFileReference; lastKnownFileType = sourcecode.swift; path = CategoryItem.swift; sourceTree = "<group>"; };
		044975932B76D97000685B7B /* Category.swift */ = {isa = PBXFileReference; lastKnownFileType = sourcecode.swift; path = Category.swift; sourceTree = "<group>"; };
		046C46BB2B722EDF005C04D1 /* weelz.app */ = {isa = PBXFileReference; explicitFileType = wrapper.application; includeInIndex = 0; path = weelz.app; sourceTree = BUILT_PRODUCTS_DIR; };
		046C46BE2B722EDF005C04D1 /* weelzApp.swift */ = {isa = PBXFileReference; lastKnownFileType = sourcecode.swift; path = weelzApp.swift; sourceTree = "<group>"; };
		046C46C02B722EDF005C04D1 /* ContentView.swift */ = {isa = PBXFileReference; lastKnownFileType = sourcecode.swift; path = ContentView.swift; sourceTree = "<group>"; };
		046C46C22B722EDF005C04D1 /* Item.swift */ = {isa = PBXFileReference; lastKnownFileType = sourcecode.swift; path = Item.swift; sourceTree = "<group>"; };
		046C46C42B722EE1005C04D1 /* Assets.xcassets */ = {isa = PBXFileReference; lastKnownFileType = folder.assetcatalog; path = Assets.xcassets; sourceTree = "<group>"; };
		046C46C62B722EE1005C04D1 /* weelz.entitlements */ = {isa = PBXFileReference; lastKnownFileType = text.plist.entitlements; path = weelz.entitlements; sourceTree = "<group>"; };
		046C46C82B722EE1005C04D1 /* Preview Assets.xcassets */ = {isa = PBXFileReference; lastKnownFileType = folder.assetcatalog; path = "Preview Assets.xcassets"; sourceTree = "<group>"; };
/* End PBXFileReference section */

/* Begin PBXFrameworksBuildPhase section */
		046C46B82B722EDF005C04D1 /* Frameworks */ = {
			isa = PBXFrameworksBuildPhase;
			buildActionMask = 2147483647;
			files = (
				0449756C2B73971B00685B7B /* SwipableButton in Frameworks */,
			);
			runOnlyForDeploymentPostprocessing = 0;
		};
/* End PBXFrameworksBuildPhase section */

/* Begin PBXGroup section */
		044975492B7234E900685B7B /* Extensions */ = {
			isa = PBXGroup;
			children = (
				044975472B7234E600685B7B /* Color.swift */,
				0449754D2B723A8E00685B7B /* String.swift */,
				044975502B723C1800685B7B /* UIApplication.swift */,
				044975582B7368F900685B7B /* View.swift */,
			);
			path = Extensions;
			sourceTree = "<group>";
		};
		0449755F2B737BEE00685B7B /* Views */ = {
			isa = PBXGroup;
			children = (
				044975612B737BFF00685B7B /* Signup */,
				044975602B737BF600685B7B /* Auth */,
				044975812B750E3400685B7B /* WelcomeView.swift */,
				0449758D2B76D8FE00685B7B /* Home */,
			);
			path = Views;
			sourceTree = "<group>";
		};
		044975602B737BF600685B7B /* Auth */ = {
			isa = PBXGroup;
			children = (
				044975632B737C3500685B7B /* OTP */,
				044975622B737C2C00685B7B /* Phone */,
			);
			path = Auth;
			sourceTree = "<group>";
		};
		044975612B737BFF00685B7B /* Signup */ = {
			isa = PBXGroup;
			children = (
				044975832B76CE9400685B7B /* ImageTaker */,
				0449757B2B74FCC400685B7B /* SignUpView.swift */,
				044975892B76D3CE00685B7B /* SignUpViewModel.swift */,
			);
			path = Signup;
			sourceTree = "<group>";
		};
		044975622B737C2C00685B7B /* Phone */ = {
			isa = PBXGroup;
			children = (
				044975522B7364F000685B7B /* PhoneView.swift */,
			);
			path = Phone;
			sourceTree = "<group>";
		};
		044975632B737C3500685B7B /* OTP */ = {
			isa = PBXGroup;
			children = (
				044975642B737C7900685B7B /* OTPView.swift */,
				044975662B737C8300685B7B /* OTPViewModel.swift */,
			);
			path = OTP;
			sourceTree = "<group>";
		};
		044975832B76CE9400685B7B /* ImageTaker */ = {
			isa = PBXGroup;
			children = (
				0449757F2B7500FE00685B7B /* ImageTakerView.swift */,
			);
			path = ImageTaker;
			sourceTree = "<group>";
		};
		044975862B76CF4400685B7B /* Helpers */ = {
			isa = PBXGroup;
			children = (
				044975872B76CF5300685B7B /* UiState.swift */,
			);
			path = Helpers;
			sourceTree = "<group>";
		};
		0449758D2B76D8FE00685B7B /* Home */ = {
			isa = PBXGroup;
			children = (
				0449758B2B76D8FA00685B7B /* HomeView.swift */,
				0449758E2B76D90B00685B7B /* HomeViewModel.swift */,
			);
			path = Home;
			sourceTree = "<group>";
		};
		044975922B76D96200685B7B /* Models */ = {
			isa = PBXGroup;
			children = (
				044975932B76D97000685B7B /* Category.swift */,
			);
			path = Models;
			sourceTree = "<group>";
		};
		046C46B22B722EDF005C04D1 = {
			isa = PBXGroup;
			children = (
				046C46BD2B722EDF005C04D1 /* weelz */,
				046C46BC2B722EDF005C04D1 /* Products */,
			);
			sourceTree = "<group>";
		};
		046C46BC2B722EDF005C04D1 /* Products */ = {
			isa = PBXGroup;
			children = (
				046C46BB2B722EDF005C04D1 /* weelz.app */,
			);
			name = Products;
			sourceTree = "<group>";
		};
		046C46BD2B722EDF005C04D1 /* weelz */ = {
			isa = PBXGroup;
			children = (
				044975922B76D96200685B7B /* Models */,
				044975862B76CF4400685B7B /* Helpers */,
				046C46BE2B722EDF005C04D1 /* weelzApp.swift */,
				046C46C02B722EDF005C04D1 /* ContentView.swift */,
				046C46C22B722EDF005C04D1 /* Item.swift */,
				046C46C42B722EE1005C04D1 /* Assets.xcassets */,
				046C46C62B722EE1005C04D1 /* weelz.entitlements */,
				046C46C72B722EE1005C04D1 /* Preview Content */,
				046C46D12B722FA1005C04D1 /* Components */,
				044975492B7234E900685B7B /* Extensions */,
				0449755F2B737BEE00685B7B /* Views */,
			);
			path = weelz;
			sourceTree = "<group>";
		};
		046C46C72B722EE1005C04D1 /* Preview Content */ = {
			isa = PBXGroup;
			children = (
				046C46C82B722EE1005C04D1 /* Preview Assets.xcassets */,
			);
			path = "Preview Content";
			sourceTree = "<group>";
		};
		046C46D12B722FA1005C04D1 /* Components */ = {
			isa = PBXGroup;
			children = (
				0449754B2B7239DC00685B7B /* PhoneNumberTextField.swift */,
				044975562B7365A200685B7B /* WeelzButtonStyle.swift */,
				0449755A2B736FF300685B7B /* OTPField.swift */,
				044975682B73964900685B7B /* SlideButton.swift */,
				0449756D2B74C01E00685B7B /* TabBar.swift */,
				0449756F2B74CED600685B7B /* OwnerRow.swift */,
				044975712B74D36C00685B7B /* CarTitleRow.swift */,
				044975732B74D48400685B7B /* CarCard.swift */,
				044975752B74DEC300685B7B /* CarRow.swift */,
				044975772B74E1BE00685B7B /* DocumentRow.swift */,
				044975792B74FB7900685B7B /* ViewTitle.swift */,
				044975902B76D93900685B7B /* CategoryItem.swift */,
			);
			path = Components;
			sourceTree = "<group>";
		};
/* End PBXGroup section */

/* Begin PBXNativeTarget section */
		046C46BA2B722EDF005C04D1 /* weelz */ = {
			isa = PBXNativeTarget;
			buildConfigurationList = 046C46CC2B722EE1005C04D1 /* Build configuration list for PBXNativeTarget "weelz" */;
			buildPhases = (
				046C46B72B722EDF005C04D1 /* Sources */,
				046C46B82B722EDF005C04D1 /* Frameworks */,
				046C46B92B722EDF005C04D1 /* Resources */,
			);
			buildRules = (
			);
			dependencies = (
			);
			name = weelz;
			packageProductDependencies = (
				0449756B2B73971B00685B7B /* SwipableButton */,
			);
			productName = weelz;
			productReference = 046C46BB2B722EDF005C04D1 /* weelz.app */;
			productType = "com.apple.product-type.application";
		};
/* End PBXNativeTarget section */

/* Begin PBXProject section */
		046C46B32B722EDF005C04D1 /* Project object */ = {
			isa = PBXProject;
			attributes = {
				BuildIndependentTargetsInParallel = 1;
				LastSwiftUpdateCheck = 1510;
				LastUpgradeCheck = 1510;
				TargetAttributes = {
					046C46BA2B722EDF005C04D1 = {
						CreatedOnToolsVersion = 15.1;
					};
				};
			};
			buildConfigurationList = 046C46B62B722EDF005C04D1 /* Build configuration list for PBXProject "weelz" */;
			compatibilityVersion = "Xcode 14.0";
			developmentRegion = en;
			hasScannedForEncodings = 0;
			knownRegions = (
				en,
				Base,
			);
			mainGroup = 046C46B22B722EDF005C04D1;
			packageReferences = (
				0449756A2B73971B00685B7B /* XCRemoteSwiftPackageReference "SwipableButton" */,
			);
			productRefGroup = 046C46BC2B722EDF005C04D1 /* Products */;
			projectDirPath = "";
			projectRoot = "";
			targets = (
				046C46BA2B722EDF005C04D1 /* weelz */,
			);
		};
/* End PBXProject section */

/* Begin PBXResourcesBuildPhase section */
		046C46B92B722EDF005C04D1 /* Resources */ = {
			isa = PBXResourcesBuildPhase;
			buildActionMask = 2147483647;
			files = (
				046C46C92B722EE1005C04D1 /* Preview Assets.xcassets in Resources */,
				046C46C52B722EE1005C04D1 /* Assets.xcassets in Resources */,
			);
			runOnlyForDeploymentPostprocessing = 0;
		};
/* End PBXResourcesBuildPhase section */

/* Begin PBXSourcesBuildPhase section */
		046C46B72B722EDF005C04D1 /* Sources */ = {
			isa = PBXSourcesBuildPhase;
			buildActionMask = 2147483647;
			files = (
				0449758C2B76D8FA00685B7B /* HomeView.swift in Sources */,
				044975512B723C1800685B7B /* UIApplication.swift in Sources */,
				046C46C12B722EDF005C04D1 /* ContentView.swift in Sources */,
				044975592B7368F900685B7B /* View.swift in Sources */,
				044975782B74E1BE00685B7B /* DocumentRow.swift in Sources */,
				046C46C32B722EDF005C04D1 /* Item.swift in Sources */,
				0449754C2B7239DC00685B7B /* PhoneNumberTextField.swift in Sources */,
				0449754E2B723A8E00685B7B /* String.swift in Sources */,
				044975672B737C8300685B7B /* OTPViewModel.swift in Sources */,
				044975762B74DEC300685B7B /* CarRow.swift in Sources */,
				0449757A2B74FB7900685B7B /* ViewTitle.swift in Sources */,
				044975942B76D97000685B7B /* Category.swift in Sources */,
				044975722B74D36C00685B7B /* CarTitleRow.swift in Sources */,
				044975802B7500FE00685B7B /* ImageTakerView.swift in Sources */,
				044975692B73964900685B7B /* SlideButton.swift in Sources */,
				044975652B737C7900685B7B /* OTPView.swift in Sources */,
				0449758A2B76D3CE00685B7B /* SignUpViewModel.swift in Sources */,
				0449756E2B74C01E00685B7B /* TabBar.swift in Sources */,
				0449755B2B736FF300685B7B /* OTPField.swift in Sources */,
				044975482B7234E600685B7B /* Color.swift in Sources */,
				0449757C2B74FCC400685B7B /* SignUpView.swift in Sources */,
				044975882B76CF5300685B7B /* UiState.swift in Sources */,
				044975702B74CED600685B7B /* OwnerRow.swift in Sources */,
				044975822B750E3400685B7B /* WelcomeView.swift in Sources */,
				0449758F2B76D90B00685B7B /* HomeViewModel.swift in Sources */,
				044975532B7364F000685B7B /* PhoneView.swift in Sources */,
				044975572B7365A200685B7B /* WeelzButtonStyle.swift in Sources */,
				044975912B76D93900685B7B /* CategoryItem.swift in Sources */,
				044975742B74D48400685B7B /* CarCard.swift in Sources */,
				046C46BF2B722EDF005C04D1 /* weelzApp.swift in Sources */,
			);
			runOnlyForDeploymentPostprocessing = 0;
		};
/* End PBXSourcesBuildPhase section */

/* Begin XCBuildConfiguration section */
		046C46CA2B722EE1005C04D1 /* Debug */ = {
			isa = XCBuildConfiguration;
			buildSettings = {
				ALWAYS_SEARCH_USER_PATHS = NO;
				ASSETCATALOG_COMPILER_GENERATE_SWIFT_ASSET_SYMBOL_EXTENSIONS = YES;
				CLANG_ANALYZER_NONNULL = YES;
				CLANG_ANALYZER_NUMBER_OBJECT_CONVERSION = YES_AGGRESSIVE;
				CLANG_CXX_LANGUAGE_STANDARD = "gnu++20";
				CLANG_ENABLE_MODULES = YES;
				CLANG_ENABLE_OBJC_ARC = YES;
				CLANG_ENABLE_OBJC_WEAK = YES;
				CLANG_WARN_BLOCK_CAPTURE_AUTORELEASING = YES;
				CLANG_WARN_BOOL_CONVERSION = YES;
				CLANG_WARN_COMMA = YES;
				CLANG_WARN_CONSTANT_CONVERSION = YES;
				CLANG_WARN_DEPRECATED_OBJC_IMPLEMENTATIONS = YES;
				CLANG_WARN_DIRECT_OBJC_ISA_USAGE = YES_ERROR;
				CLANG_WARN_DOCUMENTATION_COMMENTS = YES;
				CLANG_WARN_EMPTY_BODY = YES;
				CLANG_WARN_ENUM_CONVERSION = YES;
				CLANG_WARN_INFINITE_RECURSION = YES;
				CLANG_WARN_INT_CONVERSION = YES;
				CLANG_WARN_NON_LITERAL_NULL_CONVERSION = YES;
				CLANG_WARN_OBJC_IMPLICIT_RETAIN_SELF = YES;
				CLANG_WARN_OBJC_LITERAL_CONVERSION = YES;
				CLANG_WARN_OBJC_ROOT_CLASS = YES_ERROR;
				CLANG_WARN_QUOTED_INCLUDE_IN_FRAMEWORK_HEADER = YES;
				CLANG_WARN_RANGE_LOOP_ANALYSIS = YES;
				CLANG_WARN_STRICT_PROTOTYPES = YES;
				CLANG_WARN_SUSPICIOUS_MOVE = YES;
				CLANG_WARN_UNGUARDED_AVAILABILITY = YES_AGGRESSIVE;
				CLANG_WARN_UNREACHABLE_CODE = YES;
				CLANG_WARN__DUPLICATE_METHOD_MATCH = YES;
				COPY_PHASE_STRIP = NO;
				DEBUG_INFORMATION_FORMAT = dwarf;
				ENABLE_STRICT_OBJC_MSGSEND = YES;
				ENABLE_TESTABILITY = YES;
				ENABLE_USER_SCRIPT_SANDBOXING = YES;
				GCC_C_LANGUAGE_STANDARD = gnu17;
				GCC_DYNAMIC_NO_PIC = NO;
				GCC_NO_COMMON_BLOCKS = YES;
				GCC_OPTIMIZATION_LEVEL = 0;
				GCC_PREPROCESSOR_DEFINITIONS = (
					"DEBUG=1",
					"$(inherited)",
				);
				GCC_WARN_64_TO_32_BIT_CONVERSION = YES;
				GCC_WARN_ABOUT_RETURN_TYPE = YES_ERROR;
				GCC_WARN_UNDECLARED_SELECTOR = YES;
				GCC_WARN_UNINITIALIZED_AUTOS = YES_AGGRESSIVE;
				GCC_WARN_UNUSED_FUNCTION = YES;
				GCC_WARN_UNUSED_VARIABLE = YES;
				LOCALIZATION_PREFERS_STRING_CATALOGS = YES;
				MTL_ENABLE_DEBUG_INFO = INCLUDE_SOURCE;
				MTL_FAST_MATH = YES;
				ONLY_ACTIVE_ARCH = YES;
				SWIFT_ACTIVE_COMPILATION_CONDITIONS = "DEBUG $(inherited)";
				SWIFT_OPTIMIZATION_LEVEL = "-Onone";
			};
			name = Debug;
		};
		046C46CB2B722EE1005C04D1 /* Release */ = {
			isa = XCBuildConfiguration;
			buildSettings = {
				ALWAYS_SEARCH_USER_PATHS = NO;
				ASSETCATALOG_COMPILER_GENERATE_SWIFT_ASSET_SYMBOL_EXTENSIONS = YES;
				CLANG_ANALYZER_NONNULL = YES;
				CLANG_ANALYZER_NUMBER_OBJECT_CONVERSION = YES_AGGRESSIVE;
				CLANG_CXX_LANGUAGE_STANDARD = "gnu++20";
				CLANG_ENABLE_MODULES = YES;
				CLANG_ENABLE_OBJC_ARC = YES;
				CLANG_ENABLE_OBJC_WEAK = YES;
				CLANG_WARN_BLOCK_CAPTURE_AUTORELEASING = YES;
				CLANG_WARN_BOOL_CONVERSION = YES;
				CLANG_WARN_COMMA = YES;
				CLANG_WARN_CONSTANT_CONVERSION = YES;
				CLANG_WARN_DEPRECATED_OBJC_IMPLEMENTATIONS = YES;
				CLANG_WARN_DIRECT_OBJC_ISA_USAGE = YES_ERROR;
				CLANG_WARN_DOCUMENTATION_COMMENTS = YES;
				CLANG_WARN_EMPTY_BODY = YES;
				CLANG_WARN_ENUM_CONVERSION = YES;
				CLANG_WARN_INFINITE_RECURSION = YES;
				CLANG_WARN_INT_CONVERSION = YES;
				CLANG_WARN_NON_LITERAL_NULL_CONVERSION = YES;
				CLANG_WARN_OBJC_IMPLICIT_RETAIN_SELF = YES;
				CLANG_WARN_OBJC_LITERAL_CONVERSION = YES;
				CLANG_WARN_OBJC_ROOT_CLASS = YES_ERROR;
				CLANG_WARN_QUOTED_INCLUDE_IN_FRAMEWORK_HEADER = YES;
				CLANG_WARN_RANGE_LOOP_ANALYSIS = YES;
				CLANG_WARN_STRICT_PROTOTYPES = YES;
				CLANG_WARN_SUSPICIOUS_MOVE = YES;
				CLANG_WARN_UNGUARDED_AVAILABILITY = YES_AGGRESSIVE;
				CLANG_WARN_UNREACHABLE_CODE = YES;
				CLANG_WARN__DUPLICATE_METHOD_MATCH = YES;
				COPY_PHASE_STRIP = NO;
				DEBUG_INFORMATION_FORMAT = "dwarf-with-dsym";
				ENABLE_NS_ASSERTIONS = NO;
				ENABLE_STRICT_OBJC_MSGSEND = YES;
				ENABLE_USER_SCRIPT_SANDBOXING = YES;
				GCC_C_LANGUAGE_STANDARD = gnu17;
				GCC_NO_COMMON_BLOCKS = YES;
				GCC_WARN_64_TO_32_BIT_CONVERSION = YES;
				GCC_WARN_ABOUT_RETURN_TYPE = YES_ERROR;
				GCC_WARN_UNDECLARED_SELECTOR = YES;
				GCC_WARN_UNINITIALIZED_AUTOS = YES_AGGRESSIVE;
				GCC_WARN_UNUSED_FUNCTION = YES;
				GCC_WARN_UNUSED_VARIABLE = YES;
				LOCALIZATION_PREFERS_STRING_CATALOGS = YES;
				MTL_ENABLE_DEBUG_INFO = NO;
				MTL_FAST_MATH = YES;
				SWIFT_COMPILATION_MODE = wholemodule;
			};
			name = Release;
		};
		046C46CD2B722EE1005C04D1 /* Debug */ = {
			isa = XCBuildConfiguration;
			buildSettings = {
				ASSETCATALOG_COMPILER_APPICON_NAME = AppIcon;
				ASSETCATALOG_COMPILER_GLOBAL_ACCENT_COLOR_NAME = AccentColor;
				CODE_SIGN_ENTITLEMENTS = weelz/weelz.entitlements;
				CODE_SIGN_STYLE = Automatic;
				CURRENT_PROJECT_VERSION = 1;
				DEVELOPMENT_ASSET_PATHS = "\"weelz/Preview Content\"";
				DEVELOPMENT_TEAM = QH3T53K3KZ;
				ENABLE_HARDENED_RUNTIME = YES;
				ENABLE_PREVIEWS = YES;
				GENERATE_INFOPLIST_FILE = YES;
				"INFOPLIST_KEY_UIApplicationSceneManifest_Generation[sdk=iphoneos*]" = YES;
				"INFOPLIST_KEY_UIApplicationSceneManifest_Generation[sdk=iphonesimulator*]" = YES;
				"INFOPLIST_KEY_UIApplicationSupportsIndirectInputEvents[sdk=iphoneos*]" = YES;
				"INFOPLIST_KEY_UIApplicationSupportsIndirectInputEvents[sdk=iphonesimulator*]" = YES;
				"INFOPLIST_KEY_UILaunchScreen_Generation[sdk=iphoneos*]" = YES;
				"INFOPLIST_KEY_UILaunchScreen_Generation[sdk=iphonesimulator*]" = YES;
				"INFOPLIST_KEY_UIStatusBarStyle[sdk=iphoneos*]" = UIStatusBarStyleDefault;
				"INFOPLIST_KEY_UIStatusBarStyle[sdk=iphonesimulator*]" = UIStatusBarStyleDefault;
				INFOPLIST_KEY_UISupportedInterfaceOrientations_iPad = "UIInterfaceOrientationPortrait UIInterfaceOrientationPortraitUpsideDown UIInterfaceOrientationLandscapeLeft UIInterfaceOrientationLandscapeRight";
				INFOPLIST_KEY_UISupportedInterfaceOrientations_iPhone = "UIInterfaceOrientationPortrait UIInterfaceOrientationLandscapeLeft UIInterfaceOrientationLandscapeRight";
				IPHONEOS_DEPLOYMENT_TARGET = 17.2;
				LD_RUNPATH_SEARCH_PATHS = "@executable_path/Frameworks";
				"LD_RUNPATH_SEARCH_PATHS[sdk=macosx*]" = "@executable_path/../Frameworks";
				MACOSX_DEPLOYMENT_TARGET = 14.0;
				MARKETING_VERSION = 1.0;
				PRODUCT_BUNDLE_IDENTIFIER = com.raynmore.weelz;
				PRODUCT_NAME = "$(TARGET_NAME)";
				SDKROOT = auto;
				SUPPORTED_PLATFORMS = "iphoneos iphonesimulator macosx";
				SWIFT_EMIT_LOC_STRINGS = YES;
				SWIFT_VERSION = 5.0;
				TARGETED_DEVICE_FAMILY = "1,2";
			};
			name = Debug;
		};
		046C46CE2B722EE1005C04D1 /* Release */ = {
			isa = XCBuildConfiguration;
			buildSettings = {
				ASSETCATALOG_COMPILER_APPICON_NAME = AppIcon;
				ASSETCATALOG_COMPILER_GLOBAL_ACCENT_COLOR_NAME = AccentColor;
				CODE_SIGN_ENTITLEMENTS = weelz/weelz.entitlements;
				CODE_SIGN_STYLE = Automatic;
				CURRENT_PROJECT_VERSION = 1;
				DEVELOPMENT_ASSET_PATHS = "\"weelz/Preview Content\"";
				DEVELOPMENT_TEAM = QH3T53K3KZ;
				ENABLE_HARDENED_RUNTIME = YES;
				ENABLE_PREVIEWS = YES;
				GENERATE_INFOPLIST_FILE = YES;
				"INFOPLIST_KEY_UIApplicationSceneManifest_Generation[sdk=iphoneos*]" = YES;
				"INFOPLIST_KEY_UIApplicationSceneManifest_Generation[sdk=iphonesimulator*]" = YES;
				"INFOPLIST_KEY_UIApplicationSupportsIndirectInputEvents[sdk=iphoneos*]" = YES;
				"INFOPLIST_KEY_UIApplicationSupportsIndirectInputEvents[sdk=iphonesimulator*]" = YES;
				"INFOPLIST_KEY_UILaunchScreen_Generation[sdk=iphoneos*]" = YES;
				"INFOPLIST_KEY_UILaunchScreen_Generation[sdk=iphonesimulator*]" = YES;
				"INFOPLIST_KEY_UIStatusBarStyle[sdk=iphoneos*]" = UIStatusBarStyleDefault;
				"INFOPLIST_KEY_UIStatusBarStyle[sdk=iphonesimulator*]" = UIStatusBarStyleDefault;
				INFOPLIST_KEY_UISupportedInterfaceOrientations_iPad = "UIInterfaceOrientationPortrait UIInterfaceOrientationPortraitUpsideDown UIInterfaceOrientationLandscapeLeft UIInterfaceOrientationLandscapeRight";
				INFOPLIST_KEY_UISupportedInterfaceOrientations_iPhone = "UIInterfaceOrientationPortrait UIInterfaceOrientationLandscapeLeft UIInterfaceOrientationLandscapeRight";
				IPHONEOS_DEPLOYMENT_TARGET = 17.2;
				LD_RUNPATH_SEARCH_PATHS = "@executable_path/Frameworks";
				"LD_RUNPATH_SEARCH_PATHS[sdk=macosx*]" = "@executable_path/../Frameworks";
				MACOSX_DEPLOYMENT_TARGET = 14.0;
				MARKETING_VERSION = 1.0;
				PRODUCT_BUNDLE_IDENTIFIER = com.raynmore.weelz;
				PRODUCT_NAME = "$(TARGET_NAME)";
				SDKROOT = auto;
				SUPPORTED_PLATFORMS = "iphoneos iphonesimulator macosx";
				SWIFT_EMIT_LOC_STRINGS = YES;
				SWIFT_VERSION = 5.0;
				TARGETED_DEVICE_FAMILY = "1,2";
			};
			name = Release;
		};
/* End XCBuildConfiguration section */

/* Begin XCConfigurationList section */
		046C46B62B722EDF005C04D1 /* Build configuration list for PBXProject "weelz" */ = {
			isa = XCConfigurationList;
			buildConfigurations = (
				046C46CA2B722EE1005C04D1 /* Debug */,
				046C46CB2B722EE1005C04D1 /* Release */,
			);
			defaultConfigurationIsVisible = 0;
			defaultConfigurationName = Release;
		};
		046C46CC2B722EE1005C04D1 /* Build configuration list for PBXNativeTarget "weelz" */ = {
			isa = XCConfigurationList;
			buildConfigurations = (
				046C46CD2B722EE1005C04D1 /* Debug */,
				046C46CE2B722EE1005C04D1 /* Release */,
			);
			defaultConfigurationIsVisible = 0;
			defaultConfigurationName = Release;
		};
/* End XCConfigurationList section */

/* Begin XCRemoteSwiftPackageReference section */
		0449756A2B73971B00685B7B /* XCRemoteSwiftPackageReference "SwipableButton" */ = {
			isa = XCRemoteSwiftPackageReference;
			repositoryURL = "https://github.com/RMehdid/SwipableButton.git";
			requirement = {
				branch = main;
				kind = branch;
			};
		};
/* End XCRemoteSwiftPackageReference section */

/* Begin XCSwiftPackageProductDependency section */
		0449756B2B73971B00685B7B /* SwipableButton */ = {
			isa = XCSwiftPackageProductDependency;
			package = 0449756A2B73971B00685B7B /* XCRemoteSwiftPackageReference "SwipableButton" */;
			productName = SwipableButton;
		};
/* End XCSwiftPackageProductDependency section */
	};
	rootObject = 046C46B32B722EDF005C04D1 /* Project object */;
}
